
Microsoft Visual Studio Solution File, Format Version 12.00
# Visual Studio Version 16
VisualStudioVersion = 16.0.30804.86
MinimumVisualStudioVersion = 10.0.40219.1
Project("{9A19103F-16F7-4668-BE54-9A1E7A4F7556}") = "MultipleOfFive", "MultipleOfFive\MultipleOfFive.csproj", "{4E18F41C-0752-41E7-B86B-A0C308DC0E0B}"
EndProject
Project("{2150E333-8FDC-42A3-9474-1A3956D46DE8}") = "Src", "Src", "{9A80E045-A754-4A5D-92AE-8E6E15354386}"
EndProject
Project("{2150E333-8FDC-42A3-9474-1A3956D46DE8}") = "Presentation", "Presentation", "{CBFE9EF0-A092-429A-A6A2-F65DB96DBD90}"
EndProject
Project("{2150E333-8FDC-42A3-9474-1A3956D46DE8}") = "Core", "Core", "{DB585CFC-0918-4618-9486-637F251DFDB0}"
EndProject
Project("{2150E333-8FDC-42A3-9474-1A3956D46DE8}") = "Application", "Application", "{45CFAAF2-1F5A-48AD-8C45-DFE38E1E8597}"
EndProject
Project("{2150E333-8FDC-42A3-9474-1A3956D46DE8}") = "Core", "Core", "{2D7F87FE-2310-4DCC-98AC-78076A28F787}"
EndProject
Project("{FAE04EC0-301F-11D3-BF4B-00C04F79EFBC}") = "MultipleOfFive.Application", "MultipleOfFive.Application\MultipleOfFive.Application.csproj", "{2BDB5E1F-3E5B-43AC-9935-C32C578BB00F}"
EndProject
Project("{FAE04EC0-301F-11D3-BF4B-00C04F79EFBC}") = "MultipleOfFive.Core", "MultipleOfFive.Core\MultipleOfFive.Core.csproj", "{363AF52C-641F-483C-A766-E070A01BB188}"
EndProject
Project("{2150E333-8FDC-42A3-9474-1A3956D46DE8}") = "SharedKernel", "SharedKernel", "{726FED84-588C-4C70-972E-F6572D6F9A9A}"
EndProject
Project("{FAE04EC0-301F-11D3-BF4B-00C04F79EFBC}") = "MultipleOfFive.Common", "MultipleOfFive.Common\MultipleOfFive.Common.csproj", "{724FA617-BFE9-4469-A182-0EF180261FCE}"
EndProject
Global
	GlobalSection(SolutionConfigurationPlatforms) = preSolution
		Debug|Any CPU = Debug|Any CPU
		Release|Any CPU = Release|Any CPU
	EndGlobalSection
	GlobalSection(ProjectConfigurationPlatforms) = postSolution
		{4E18F41C-0752-41E7-B86B-A0C308DC0E0B}.Debug|Any CPU.ActiveCfg = Debug|Any CPU
		{4E18F41C-0752-41E7-B86B-A0C308DC0E0B}.Debug|Any CPU.Build.0 = Debug|Any CPU
		{4E18F41C-0752-41E7-B86B-A0C308DC0E0B}.Release|Any CPU.ActiveCfg = Release|Any CPU
		{4E18F41C-0752-41E7-B86B-A0C308DC0E0B}.Release|Any CPU.Build.0 = Release|Any CPU
		{2BDB5E1F-3E5B-43AC-9935-C32C578BB00F}.Debug|Any CPU.ActiveCfg = Debug|Any CPU
		{2BDB5E1F-3E5B-43AC-9935-C32C578BB00F}.Debug|Any CPU.Build.0 = Debug|Any CPU
		{2BDB5E1F-3E5B-43AC-9935-C32C578BB00F}.Release|Any CPU.ActiveCfg = Release|Any CPU
		{2BDB5E1F-3E5B-43AC-9935-C32C578BB00F}.Release|Any CPU.Build.0 = Release|Any CPU
		{363AF52C-641F-483C-A766-E070A01BB188}.Debug|Any CPU.ActiveCfg = Debug|Any CPU
		{363AF52C-641F-483C-A766-E070A01BB188}.Debug|Any CPU.Build.0 = Debug|Any CPU
		{363AF52C-641F-483C-A766-E070A01BB188}.Release|Any CPU.ActiveCfg = Release|Any CPU
		{363AF52C-641F-483C-A766-E070A01BB188}.Release|Any CPU.Build.0 = Release|Any CPU
		{724FA617-BFE9-4469-A182-0EF180261FCE}.Debug|Any CPU.ActiveCfg = Debug|Any CPU
		{724FA617-BFE9-4469-A182-0EF180261FCE}.Debug|Any CPU.Build.0 = Debug|Any CPU
		{724FA617-BFE9-4469-A182-0EF180261FCE}.Release|Any CPU.ActiveCfg = Release|Any CPU
		{724FA617-BFE9-4469-A182-0EF180261FCE}.Release|Any CPU.Build.0 = Release|Any CPU
	EndGlobalSection
	GlobalSection(SolutionProperties) = preSolution
		HideSolutionNode = FALSE
	EndGlobalSection
	GlobalSection(NestedProjects) = preSolution
		{4E18F41C-0752-41E7-B86B-A0C308DC0E0B} = {CBFE9EF0-A092-429A-A6A2-F65DB96DBD90}
		{CBFE9EF0-A092-429A-A6A2-F65DB96DBD90} = {9A80E045-A754-4A5D-92AE-8E6E15354386}
		{DB585CFC-0918-4618-9486-637F251DFDB0} = {9A80E045-A754-4A5D-92AE-8E6E15354386}
		{45CFAAF2-1F5A-48AD-8C45-DFE38E1E8597} = {DB585CFC-0918-4618-9486-637F251DFDB0}
		{2D7F87FE-2310-4DCC-98AC-78076A28F787} = {DB585CFC-0918-4618-9486-637F251DFDB0}
		{2BDB5E1F-3E5B-43AC-9935-C32C578BB00F} = {45CFAAF2-1F5A-48AD-8C45-DFE38E1E8597}
		{363AF52C-641F-483C-A766-E070A01BB188} = {2D7F87FE-2310-4DCC-98AC-78076A28F787}
		{726FED84-588C-4C70-972E-F6572D6F9A9A} = {9A80E045-A754-4A5D-92AE-8E6E15354386}
		{724FA617-BFE9-4469-A182-0EF180261FCE} = {726FED84-588C-4C70-972E-F6572D6F9A9A}
	EndGlobalSection
	GlobalSection(ExtensibilityGlobals) = postSolution
		SolutionGuid = {3120E320-15CA-4373-B682-9777468CF0D0}
	EndGlobalSection
EndGlobal
